
Microsoft Visual Studio Solution File, Format Version 12.00
# Visual Studio 15
Project("{FAE04EC0-301F-11D3-BF4B-00C04F79EFBC}") = "Assembly-CSharp", "Assembly-CSharp.csproj", "{3230E42B-7B5A-6C6C-5FBE-E02C55888B33}"
EndProject
Project("{FAE04EC0-301F-11D3-BF4B-00C04F79EFBC}") = "Assembly-CSharp-Editor", "Assembly-CSharp-Editor.csproj", "{BE3ECF51-5EF7-669C-E2DC-E03750E92671}"
EndProject
Global
	GlobalSection(SolutionConfigurationPlatforms) = preSolution
		Debug|Any CPU = Debug|Any CPU
		Release|Any CPU = Release|Any CPU
	EndGlobalSection
	GlobalSection(ProjectConfigurationPlatforms) = postSolution
		{3230E42B-7B5A-6C6C-5FBE-E02C55888B33}.Debug|Any CPU.ActiveCfg = Debug|Any CPU
		{3230E42B-7B5A-6C6C-5FBE-E02C55888B33}.Debug|Any CPU.Build.0 = Debug|Any CPU
		{3230E42B-7B5A-6C6C-5FBE-E02C55888B33}.Release|Any CPU.ActiveCfg = Release|Any CPU
		{3230E42B-7B5A-6C6C-5FBE-E02C55888B33}.Release|Any CPU.Build.0 = Release|Any CPU
		{BE3ECF51-5EF7-669C-E2DC-E03750E92671}.Debug|Any CPU.ActiveCfg = Debug|Any CPU
		{BE3ECF51-5EF7-669C-E2DC-E03750E92671}.Debug|Any CPU.Build.0 = Debug|Any CPU
		{BE3ECF51-5EF7-669C-E2DC-E03750E92671}.Release|Any CPU.ActiveCfg = Release|Any CPU
		{BE3ECF51-5EF7-669C-E2DC-E03750E92671}.Release|Any CPU.Build.0 = Release|Any CPU
	EndGlobalSection
	GlobalSection(SolutionProperties) = preSolution
		HideSolutionNode = FALSE
	EndGlobalSection
EndGlobal
